# @generated - this file is auto-generated by `mise lock` https://mise.jdx.dev/dev-tools/mise-lock.html

[[tools.bat]]
version = "0.26.1"
backend = "aqua:sharkdp/bat"

[tools.bat."platforms.linux-x64"]
checksum = "sha256:726f04c8f576a7fd18b7634f1bbf2f915c43494c1c0f013baa3287edb0d5a2a3"
url = "https://github.com/sharkdp/bat/releases/download/v0.26.1/bat-v0.26.1-x86_64-unknown-linux-gnu.tar.gz"
url_api = "https://api.github.com/repos/sharkdp/bat/releases/assets/323549181"

[[tools.cosign]]
version = "3.1.3"
backend = "aqua:sigstore/cosign"

[tools.cosign."platforms.linux-x64"]
checksum = "sha256:4629c757b7618056f8ddd7e2625ae9fdd94c0372a65049520bc7d9df9efc7f71"
url = "https://github.com/sigstore/cosign/releases/download/v3.1.3/cosign-linux-amd64"
url_api = "https://api.github.com/repos/sigstore/cosign/releases/assets/503286005"
provenance = "cosign"

[[tools.fnox]]
version = "1.35.0"
backend = "github:jdx/fnox"

[tools.fnox."platforms.linux-x64"]
checksum = "sha256:7b720b5852b01bc1e549fcf307ff6642d9929b25386d935da31f372ecedb88e4"
url = "https://github.com/jdx/fnox/releases/download/v1.35.0/fnox-x86_64-unknown-linux-gnu.tar.gz"
url_api = "https://api.github.com/repos/jdx/fnox/releases/assets/542598851"
provenance = "github-attestations"
provenance_verified = true

[[tools.grype]]
version = "0.118.0"
backend = "aqua:anchore/grype"

[tools.grype."platforms.linux-x64"]
checksum = "sha256:1d444c5e7360471815f7158f71935fcecc68a3c417d85c7344f770854300bba2"
url = "https://github.com/anchore/grype/releases/download/v0.118.0/grype_0.118.0_linux_amd64.tar.gz"
url_api = "https://api.github.com/repos/anchore/grype/releases/assets/532808761"

[[tools.gum]]
version = "2.0.0"
backend = "aqua:charmbracelet/gum"

[tools.gum."platforms.linux-x64"]
checksum = "sha256:c99b0005bb5b514770eea404b24c7987e08eba35bb0b2d7bc6545bb676c36861"
url = "https://github.com/charmbracelet/gum/releases/download/v2.0.0/gum_2.0.0_Linux_x86_64.tar.gz"
url_api = "https://api.github.com/repos/charmbracelet/gum/releases/assets/521957928"

[[tools.jq]]
version = "1.8.2"
backend = "aqua:jqlang/jq"

[tools.jq."platforms.linux-x64"]
checksum = "sha256:b1c22172dd303f3be49e935aa56aa48a8b7a46e0bc838b4997d3bb451495870f"
url = "https://github.com/jqlang/jq/releases/download/jq-1.8.2/jq-linux-amd64"
url_api = "https://api.github.com/repos/jqlang/jq/releases/assets/453012752"
provenance = "github-attestations"

[[tools.just]]
version = "1.58.0"
backend = "aqua:casey/just"

[tools.just."platforms.linux-x64"]
checksum = "sha256:4a5cc2f53e6f0f8c59092a6cc38291eb729d46a7dd95d3ae582008881b84931d"
url = "https://github.com/casey/just/releases/download/1.58.0/just-1.58.0-x86_64-unknown-linux-musl.tar.gz"
url_api = "https://api.github.com/repos/casey/just/releases/assets/500509978"

[[tools.oras]]
version = "1.3.4"
backend = "aqua:oras-project/oras"

[tools.oras."platforms.linux-x64"]
checksum = "sha256:f27adb935022d94df8dc77719c322dda592c78a0d57a6f7dcdd8d900b248c454"
url = "https://github.com/oras-project/oras/releases/download/v1.3.4/oras_1.3.4_linux_amd64.tar.gz"
url_api = "https://api.github.com/repos/oras-project/oras/releases/assets/532778544"

[[tools.pass-cli]]
version = "2.3.3"
backend = "github:protonpass/pass-cli"

[tools.pass-cli."platforms.linux-x64"]
checksum = "sha256:b5b49a8b3fd0af8830c0c1979f28ea0c90ccece73f59023a8bca8245d4b68da9"
url = "https://github.com/protonpass/pass-cli/releases/download/2.3.3/pass-cli-linux-x86_64"
url_api = "https://api.github.com/repos/protonpass/pass-cli/releases/assets/529321902"

[[tools.python]]
version = "3.12.14"
backend = "core:python"

[tools.python."platforms.linux-x64"]
checksum = "sha256:72748da13197c1fb161e3afeef20a6a385ff24f2165e6e2758e47008e7faba4c"
url = "https://github.com/astral-sh/python-build-standalone/releases/download/20260901/cpython-3.12.14+20260901-x86_64-unknown-linux-gnu-install_only_stripped.tar.gz"
provenance = "github-attestations"

[[tools.usage]]
version = "6.6.1"
backend = "aqua:jdx/usage"

[tools.usage."platforms.linux-x64"]
checksum = "sha256:f159816540a3b813d51458ff25344a888e772d9e03d13006140ec5b42023a06e"
url = "https://github.com/jdx/usage/releases/download/v6.6.1/usage-x86_64-unknown-linux-gnu.tar.gz"
url_api = "https://api.github.com/repos/jdx/usage/releases/assets/539822350"

[[tools.uv]]
version = "0.12.10"
backend = "aqua:astral-sh/uv"

[tools.uv."platforms.linux-x64"]
checksum = "sha256:173d95a0c32d18c896c46ba6fafbf3cf9c14ab74b033f81b76c883ef492a976b"
url = "https://github.com/astral-sh/uv/releases/download/0.12.10/uv-x86_64-unknown-linux-gnu.tar.gz"
url_api = "https://api.github.com/repos/astral-sh/uv/releases/assets/545034465"
provenance = "github-attestations"
