# @generated - this file is auto-generated by `mise lock` https://mise.jdx.dev/dev-tools/mise-lock.html

lockfile_version = 3

[[tools.bat]]
version = "0.26.1"
backend = "aqua:sharkdp/bat"
specifiers = ["0.26.1"]

[tools.bat."platforms.linux-x64"]
checksum = "sha256:726f04c8f576a7fd18b7634f1bbf2f915c43494c1c0f013baa3287edb0d5a2a3"
url = "https://github.com/sharkdp/bat/releases/download/v0.26.1/bat-v0.26.1-x86_64-unknown-linux-gnu.tar.gz"
url_api = "https://api.github.com/repos/sharkdp/bat/releases/assets/323549181"

[[tools.cosign]]
version = "3.1.3"
backend = "aqua:sigstore/cosign"
specifiers = ["3.1.3"]

[tools.cosign."platforms.linux-x64"]
checksum = "sha256:4629c757b7618056f8ddd7e2625ae9fdd94c0372a65049520bc7d9df9efc7f71"
url = "https://github.com/sigstore/cosign/releases/download/v3.1.3/cosign-linux-amd64"
url_api = "https://api.github.com/repos/sigstore/cosign/releases/assets/503286005"
provenance = "cosign"

[[tools.fnox]]
version = "1.38.1"
backend = "packslip:github.com/jdx/fnox"
specifiers = ["v1.38.1"]

[tools.fnox."platforms.linux-x64"]
checksum = "sha256:6cd4a4699b1038cd4c2014d29d18821b65e843010b7b1509417679194367e9f1"
url = "https://github.com/jdx/fnox/releases/download/v1.38.1/fnox-x86_64-unknown-linux-gnu.tar.gz"
signer = "sigstore-oidc:https://github.com/jdx/fnox/.github/workflows/release.yml"
repository_ids = { repository = "1078762196" }

[[tools.grype]]
version = "0.120.0"
backend = "aqua:anchore/grype"
specifiers = ["0.120.0"]

[tools.grype."platforms.linux-x64"]
checksum = "sha256:a5a1218dce63acdac152a6b3b5bb366e7267e36f4069848cf455543b3fa5700e"
url = "https://github.com/anchore/grype/releases/download/v0.120.0/grype_0.120.0_linux_amd64.tar.gz"
url_api = "https://api.github.com/repos/anchore/grype/releases/assets/605770160"

[[tools.gum]]
version = "2.0.2"
backend = "aqua:charmbracelet/gum"
specifiers = ["2.0.2"]

[tools.gum."platforms.linux-x64"]
checksum = "sha256:d842e06d93dbed90af48cb8dd10698db6f22e331fc40346bb37bbc753109edc2"
url = "https://github.com/charmbracelet/gum/releases/download/v2.0.2/gum_2.0.2_Linux_x86_64.tar.gz"
url_api = "https://api.github.com/repos/charmbracelet/gum/releases/assets/585508723"
provenance = "cosign"

[[tools.jq]]
version = "1.8.2"
backend = "aqua:jqlang/jq"
specifiers = ["1.8.2"]

[tools.jq."platforms.linux-x64"]
checksum = "sha256:b1c22172dd303f3be49e935aa56aa48a8b7a46e0bc838b4997d3bb451495870f"
url = "https://github.com/jqlang/jq/releases/download/jq-1.8.2/jq-linux-amd64"
url_api = "https://api.github.com/repos/jqlang/jq/releases/assets/453012752"
provenance = "github-attestations"

[[tools.oras]]
version = "1.3.4"
backend = "aqua:oras-project/oras"
specifiers = ["1.3.4"]

[tools.oras."platforms.linux-x64"]
checksum = "sha256:f27adb935022d94df8dc77719c322dda592c78a0d57a6f7dcdd8d900b248c454"
url = "https://github.com/oras-project/oras/releases/download/v1.3.4/oras_1.3.4_linux_amd64.tar.gz"
url_api = "https://api.github.com/repos/oras-project/oras/releases/assets/532778544"

[[tools.pass-cli]]
version = "2.4.2"
backend = "github:protonpass/pass-cli"
specifiers = ["2.4.2"]

[tools.pass-cli."platforms.linux-x64"]
checksum = "sha256:4089bdf5981140ac5bee65d2d79bf98767537f54d33197b79e5f86c630714842"
url = "https://github.com/protonpass/pass-cli/releases/download/2.4.2/pass-cli-linux-x86_64"
url_api = "https://api.github.com/repos/protonpass/pass-cli/releases/assets/602793618"

[[tools.python]]
version = "3.12.15"
backend = "core:python"
specifiers = ["3.12.15"]

[tools.python."platforms.linux-x64"]
checksum = "sha256:7bb1659e3235077b7f63d5b6eb6ce653c6fcd6c5041e9d5f73b42ce10421464d"
url = "https://github.com/astral-sh/python-build-standalone/releases/download/20261001/cpython-3.12.15+20261001-x86_64-unknown-linux-gnu-install_only_stripped.tar.gz"
provenance = "github-attestations"

[[tools.usage]]
version = "6.12.0"
backend = "packslip:github.com/jdx/usage"
specifiers = ["6.12.0"]

[tools.usage."platforms.linux-x64"]
checksum = "sha256:c82b39ca9c64e3256284667ca8ddd4c27b7141d842ba054a645ee73d6ab99b17"
url = "https://github.com/jdx/usage/releases/download/v6.12.0/usage-x86_64-unknown-linux-gnu.tar.gz"
signer = "sigstore-oidc:https://github.com/jdx/usage/.github/workflows/publish-cli.yml"
repository_ids = { repository = "677629099" }

[[tools.uv]]
version = "0.12.23"
backend = "aqua:astral-sh/uv"
specifiers = ["0.12.23"]

[tools.uv."platforms.linux-x64"]
checksum = "sha256:9167d72b3319674b6303c4cbe071854bba13ebdf3d76b1a7cbdc175471fb66d6"
url = "https://github.com/astral-sh/uv/releases/download/0.12.23/uv-x86_64-unknown-linux-gnu.tar.gz"
url_api = "https://api.github.com/repos/astral-sh/uv/releases/assets/608232628"
provenance = "github-attestations"
